
Microsoft Visual Studio Solution File, Format Version 12.00
# Visual Studio 14
VisualStudioVersion = 14.0.25420.1
MinimumVisualStudioVersion = 10.0.40219.1
Project("{8BC9CEB8-8B4A-11D0-8D11-00A0C91BC942}") = "dd_extract", "vsproj\dd_extract.vcxproj", "{9EE6FA92-3650-4657-85FA-BCE86321B4C1}"
EndProject
Project("{2150E333-8FDC-42A3-9474-1A3956D46DE8}") = "wx", "wx", "{23E9DC6C-FEFE-4112-8D2E-DC5B903DD2D0}"
	ProjectSection(SolutionItems) = preProject
		ext\wxwidgets\include\wx\aboutdlg.h = ext\wxwidgets\include\wx\aboutdlg.h
		ext\wxwidgets\include\wx\accel.h = ext\wxwidgets\include\wx\accel.h
		ext\wxwidgets\include\wx\access.h = ext\wxwidgets\include\wx\access.h
		ext\wxwidgets\include\wx\activityindicator.h = ext\wxwidgets\include\wx\activityindicator.h
		ext\wxwidgets\include\wx\addremovectrl.h = ext\wxwidgets\include\wx\addremovectrl.h
		ext\wxwidgets\include\wx\affinematrix2d.h = ext\wxwidgets\include\wx\affinematrix2d.h
		ext\wxwidgets\include\wx\affinematrix2dbase.h = ext\wxwidgets\include\wx\affinematrix2dbase.h
		ext\wxwidgets\include\wx\afterstd.h = ext\wxwidgets\include\wx\afterstd.h
		ext\wxwidgets\include\wx\anidecod.h = ext\wxwidgets\include\wx\anidecod.h
		ext\wxwidgets\include\wx\animate.h = ext\wxwidgets\include\wx\animate.h
		ext\wxwidgets\include\wx\animdecod.h = ext\wxwidgets\include\wx\animdecod.h
		ext\wxwidgets\include\wx\any.h = ext\wxwidgets\include\wx\any.h
		ext\wxwidgets\include\wx\anybutton.h = ext\wxwidgets\include\wx\anybutton.h
		ext\wxwidgets\include\wx\anystr.h = ext\wxwidgets\include\wx\anystr.h
		ext\wxwidgets\include\wx\app.h = ext\wxwidgets\include\wx\app.h
		ext\wxwidgets\include\wx\appprogress.h = ext\wxwidgets\include\wx\appprogress.h
		ext\wxwidgets\include\wx\apptrait.h = ext\wxwidgets\include\wx\apptrait.h
		ext\wxwidgets\include\wx\archive.h = ext\wxwidgets\include\wx\archive.h
		ext\wxwidgets\include\wx\arrstr.h = ext\wxwidgets\include\wx\arrstr.h
		ext\wxwidgets\include\wx\artprov.h = ext\wxwidgets\include\wx\artprov.h
		ext\wxwidgets\include\wx\atomic.h = ext\wxwidgets\include\wx\atomic.h
		ext\wxwidgets\include\wx\bannerwindow.h = ext\wxwidgets\include\wx\bannerwindow.h
		ext\wxwidgets\include\wx\base64.h = ext\wxwidgets\include\wx\base64.h
		ext\wxwidgets\include\wx\beforestd.h = ext\wxwidgets\include\wx\beforestd.h
		ext\wxwidgets\include\wx\bitmap.h = ext\wxwidgets\include\wx\bitmap.h
		ext\wxwidgets\include\wx\bmpbuttn.h = ext\wxwidgets\include\wx\bmpbuttn.h
		ext\wxwidgets\include\wx\bmpcbox.h = ext\wxwidgets\include\wx\bmpcbox.h
		ext\wxwidgets\include\wx\bookctrl.h = ext\wxwidgets\include\wx\bookctrl.h
		ext\wxwidgets\include\wx\brush.h = ext\wxwidgets\include\wx\brush.h
		ext\wxwidgets\include\wx\buffer.h = ext\wxwidgets\include\wx\buffer.h
		ext\wxwidgets\include\wx\build.h = ext\wxwidgets\include\wx\build.h
		ext\wxwidgets\include\wx\busyinfo.h = ext\wxwidgets\include\wx\busyinfo.h
		ext\wxwidgets\include\wx\button.h = ext\wxwidgets\include\wx\button.h
		ext\wxwidgets\include\wx\calctrl.h = ext\wxwidgets\include\wx\calctrl.h
		ext\wxwidgets\include\wx\caret.h = ext\wxwidgets\include\wx\caret.h
		ext\wxwidgets\include\wx\chartype.h = ext\wxwidgets\include\wx\chartype.h
		ext\wxwidgets\include\wx\checkbox.h = ext\wxwidgets\include\wx\checkbox.h
		ext\wxwidgets\include\wx\checkeddelete.h = ext\wxwidgets\include\wx\checkeddelete.h
		ext\wxwidgets\include\wx\checklst.h = ext\wxwidgets\include\wx\checklst.h
		ext\wxwidgets\include\wx\chkconf.h = ext\wxwidgets\include\wx\chkconf.h
		ext\wxwidgets\include\wx\choicdlg.h = ext\wxwidgets\include\wx\choicdlg.h
		ext\wxwidgets\include\wx\choice.h = ext\wxwidgets\include\wx\choice.h
		ext\wxwidgets\include\wx\choicebk.h = ext\wxwidgets\include\wx\choicebk.h
		ext\wxwidgets\include\wx\clipbrd.h = ext\wxwidgets\include\wx\clipbrd.h
		ext\wxwidgets\include\wx\clntdata.h = ext\wxwidgets\include\wx\clntdata.h
		ext\wxwidgets\include\wx\clrpicker.h = ext\wxwidgets\include\wx\clrpicker.h
		ext\wxwidgets\include\wx\cmdargs.h = ext\wxwidgets\include\wx\cmdargs.h
		ext\wxwidgets\include\wx\cmdline.h = ext\wxwidgets\include\wx\cmdline.h
		ext\wxwidgets\include\wx\cmdproc.h = ext\wxwidgets\include\wx\cmdproc.h
		ext\wxwidgets\include\wx\cmndata.h = ext\wxwidgets\include\wx\cmndata.h
		ext\wxwidgets\include\wx\collheaderctrl.h = ext\wxwidgets\include\wx\collheaderctrl.h
		ext\wxwidgets\include\wx\collpane.h = ext\wxwidgets\include\wx\collpane.h
		ext\wxwidgets\include\wx\colordlg.h = ext\wxwidgets\include\wx\colordlg.h
		ext\wxwidgets\include\wx\colour.h = ext\wxwidgets\include\wx\colour.h
		ext\wxwidgets\include\wx\colourdata.h = ext\wxwidgets\include\wx\colourdata.h
		ext\wxwidgets\include\wx\combo.h = ext\wxwidgets\include\wx\combo.h
		ext\wxwidgets\include\wx\combobox.h = ext\wxwidgets\include\wx\combobox.h
		ext\wxwidgets\include\wx\commandlinkbutton.h = ext\wxwidgets\include\wx\commandlinkbutton.h
		ext\wxwidgets\include\wx\compiler.h = ext\wxwidgets\include\wx\compiler.h
		ext\wxwidgets\include\wx\compositewin.h = ext\wxwidgets\include\wx\compositewin.h
		ext\wxwidgets\include\wx\confbase.h = ext\wxwidgets\include\wx\confbase.h
		ext\wxwidgets\include\wx\config.h = ext\wxwidgets\include\wx\config.h
		ext\wxwidgets\include\wx\containr.h = ext\wxwidgets\include\wx\containr.h
		ext\wxwidgets\include\wx\control.h = ext\wxwidgets\include\wx\control.h
		ext\wxwidgets\include\wx\convauto.h = ext\wxwidgets\include\wx\convauto.h
		ext\wxwidgets\include\wx\cpp.h = ext\wxwidgets\include\wx\cpp.h
		ext\wxwidgets\include\wx\cppunit.h = ext\wxwidgets\include\wx\cppunit.h
		ext\wxwidgets\include\wx\crt.h = ext\wxwidgets\include\wx\crt.h
		ext\wxwidgets\include\wx\cshelp.h = ext\wxwidgets\include\wx\cshelp.h
		ext\wxwidgets\include\wx\ctrlsub.h = ext\wxwidgets\include\wx\ctrlsub.h
		ext\wxwidgets\include\wx\cursor.h = ext\wxwidgets\include\wx\cursor.h
		ext\wxwidgets\include\wx\custombgwin.h = ext\wxwidgets\include\wx\custombgwin.h
		ext\wxwidgets\include\wx\dataobj.h = ext\wxwidgets\include\wx\dataobj.h
		ext\wxwidgets\include\wx\dataview.h = ext\wxwidgets\include\wx\dataview.h
		ext\wxwidgets\include\wx\datectrl.h = ext\wxwidgets\include\wx\datectrl.h
		ext\wxwidgets\include\wx\dateevt.h = ext\wxwidgets\include\wx\dateevt.h
		ext\wxwidgets\include\wx\datetime.h = ext\wxwidgets\include\wx\datetime.h
		ext\wxwidgets\include\wx\datetimectrl.h = ext\wxwidgets\include\wx\datetimectrl.h
		ext\wxwidgets\include\wx\datstrm.h = ext\wxwidgets\include\wx\datstrm.h
		ext\wxwidgets\include\wx\dc.h = ext\wxwidgets\include\wx\dc.h
		ext\wxwidgets\include\wx\dcbuffer.h = ext\wxwidgets\include\wx\dcbuffer.h
		ext\wxwidgets\include\wx\dcclient.h = ext\wxwidgets\include\wx\dcclient.h
		ext\wxwidgets\include\wx\dcgraph.h = ext\wxwidgets\include\wx\dcgraph.h
		ext\wxwidgets\include\wx\dcmemory.h = ext\wxwidgets\include\wx\dcmemory.h
		ext\wxwidgets\include\wx\dcmirror.h = ext\wxwidgets\include\wx\dcmirror.h
		ext\wxwidgets\include\wx\dcprint.h = ext\wxwidgets\include\wx\dcprint.h
		ext\wxwidgets\include\wx\dcps.h = ext\wxwidgets\include\wx\dcps.h
		ext\wxwidgets\include\wx\dcscreen.h = ext\wxwidgets\include\wx\dcscreen.h
		ext\wxwidgets\include\wx\dcsvg.h = ext\wxwidgets\include\wx\dcsvg.h
		ext\wxwidgets\include\wx\dde.h = ext\wxwidgets\include\wx\dde.h
		ext\wxwidgets\include\wx\debug.h = ext\wxwidgets\include\wx\debug.h
		ext\wxwidgets\include\wx\debugrpt.h = ext\wxwidgets\include\wx\debugrpt.h
		ext\wxwidgets\include\wx\defs.h = ext\wxwidgets\include\wx\defs.h
		ext\wxwidgets\include\wx\dialog.h = ext\wxwidgets\include\wx\dialog.h
		ext\wxwidgets\include\wx\dialup.h = ext\wxwidgets\include\wx\dialup.h
		ext\wxwidgets\include\wx\dir.h = ext\wxwidgets\include\wx\dir.h
		ext\wxwidgets\include\wx\dirctrl.h = ext\wxwidgets\include\wx\dirctrl.h
		ext\wxwidgets\include\wx\dirdlg.h = ext\wxwidgets\include\wx\dirdlg.h
		ext\wxwidgets\include\wx\display.h = ext\wxwidgets\include\wx\display.h
		ext\wxwidgets\include\wx\display_impl.h = ext\wxwidgets\include\wx\display_impl.h
		ext\wxwidgets\include\wx\dlimpexp.h = ext\wxwidgets\include\wx\dlimpexp.h
		ext\wxwidgets\include\wx\dlist.h = ext\wxwidgets\include\wx\dlist.h
		ext\wxwidgets\include\wx\dnd.h = ext\wxwidgets\include\wx\dnd.h
		ext\wxwidgets\include\wx\docmdi.h = ext\wxwidgets\include\wx\docmdi.h
		ext\wxwidgets\include\wx\docview.h = ext\wxwidgets\include\wx\docview.h
		ext\wxwidgets\include\wx\dragimag.h = ext\wxwidgets\include\wx\dragimag.h
		ext\wxwidgets\include\wx\dvrenderers.h = ext\wxwidgets\include\wx\dvrenderers.h
		ext\wxwidgets\include\wx\dynarray.h = ext\wxwidgets\include\wx\dynarray.h
		ext\wxwidgets\include\wx\dynlib.h = ext\wxwidgets\include\wx\dynlib.h
		ext\wxwidgets\include\wx\dynload.h = ext\wxwidgets\include\wx\dynload.h
		ext\wxwidgets\include\wx\editlbox.h = ext\wxwidgets\include\wx\editlbox.h
		ext\wxwidgets\include\wx\effects.h = ext\wxwidgets\include\wx\effects.h
		ext\wxwidgets\include\wx\encconv.h = ext\wxwidgets\include\wx\encconv.h
		ext\wxwidgets\include\wx\encinfo.h = ext\wxwidgets\include\wx\encinfo.h
		ext\wxwidgets\include\wx\event.h = ext\wxwidgets\include\wx\event.h
		ext\wxwidgets\include\wx\eventfilter.h = ext\wxwidgets\include\wx\eventfilter.h
		ext\wxwidgets\include\wx\evtloop.h = ext\wxwidgets\include\wx\evtloop.h
		ext\wxwidgets\include\wx\evtloopsrc.h = ext\wxwidgets\include\wx\evtloopsrc.h
		ext\wxwidgets\include\wx\except.h = ext\wxwidgets\include\wx\except.h
		ext\wxwidgets\include\wx\fdrepdlg.h = ext\wxwidgets\include\wx\fdrepdlg.h
		ext\wxwidgets\include\wx\features.h = ext\wxwidgets\include\wx\features.h
		ext\wxwidgets\include\wx\ffile.h = ext\wxwidgets\include\wx\ffile.h
		ext\wxwidgets\include\wx\file.h = ext\wxwidgets\include\wx\file.h
		ext\wxwidgets\include\wx\fileconf.h = ext\wxwidgets\include\wx\fileconf.h
		ext\wxwidgets\include\wx\filectrl.h = ext\wxwidgets\include\wx\filectrl.h
		ext\wxwidgets\include\wx\filedlg.h = ext\wxwidgets\include\wx\filedlg.h
		ext\wxwidgets\include\wx\filefn.h = ext\wxwidgets\include\wx\filefn.h
		ext\wxwidgets\include\wx\filehistory.h = ext\wxwidgets\include\wx\filehistory.h
		ext\wxwidgets\include\wx\filename.h = ext\wxwidgets\include\wx\filename.h
		ext\wxwidgets\include\wx\filepicker.h = ext\wxwidgets\include\wx\filepicker.h
		ext\wxwidgets\include\wx\filesys.h = ext\wxwidgets\include\wx\filesys.h
		ext\wxwidgets\include\wx\flags.h = ext\wxwidgets\include\wx\flags.h
		ext\wxwidgets\include\wx\fmappriv.h = ext\wxwidgets\include\wx\fmappriv.h
		ext\wxwidgets\include\wx\font.h = ext\wxwidgets\include\wx\font.h
		ext\wxwidgets\include\wx\fontdata.h = ext\wxwidgets\include\wx\fontdata.h
		ext\wxwidgets\include\wx\fontdlg.h = ext\wxwidgets\include\wx\fontdlg.h
		ext\wxwidgets\include\wx\fontenc.h = ext\wxwidgets\include\wx\fontenc.h
		ext\wxwidgets\include\wx\fontenum.h = ext\wxwidgets\include\wx\fontenum.h
		ext\wxwidgets\include\wx\fontmap.h = ext\wxwidgets\include\wx\fontmap.h
		ext\wxwidgets\include\wx\fontpicker.h = ext\wxwidgets\include\wx\fontpicker.h
		ext\wxwidgets\include\wx\fontutil.h = ext\wxwidgets\include\wx\fontutil.h
		ext\wxwidgets\include\wx\frame.h = ext\wxwidgets\include\wx\frame.h
		ext\wxwidgets\include\wx\fs_arc.h = ext\wxwidgets\include\wx\fs_arc.h
		ext\wxwidgets\include\wx\fs_filter.h = ext\wxwidgets\include\wx\fs_filter.h
		ext\wxwidgets\include\wx\fs_inet.h = ext\wxwidgets\include\wx\fs_inet.h
		ext\wxwidgets\include\wx\fs_mem.h = ext\wxwidgets\include\wx\fs_mem.h
		ext\wxwidgets\include\wx\fs_zip.h = ext\wxwidgets\include\wx\fs_zip.h
		ext\wxwidgets\include\wx\fswatcher.h = ext\wxwidgets\include\wx\fswatcher.h
		ext\wxwidgets\include\wx\gauge.h = ext\wxwidgets\include\wx\gauge.h
		ext\wxwidgets\include\wx\gbsizer.h = ext\wxwidgets\include\wx\gbsizer.h
		ext\wxwidgets\include\wx\gdicmn.h = ext\wxwidgets\include\wx\gdicmn.h
		ext\wxwidgets\include\wx\gdiobj.h = ext\wxwidgets\include\wx\gdiobj.h
		ext\wxwidgets\include\wx\geometry.h = ext\wxwidgets\include\wx\geometry.h
		ext\wxwidgets\include\wx\gifdecod.h = ext\wxwidgets\include\wx\gifdecod.h
		ext\wxwidgets\include\wx\glcanvas.h = ext\wxwidgets\include\wx\glcanvas.h
		ext\wxwidgets\include\wx\graphics.h = ext\wxwidgets\include\wx\graphics.h
		ext\wxwidgets\include\wx\grid.h = ext\wxwidgets\include\wx\grid.h
		ext\wxwidgets\include\wx\hash.h = ext\wxwidgets\include\wx\hash.h
		ext\wxwidgets\include\wx\hashmap.h = ext\wxwidgets\include\wx\hashmap.h
		ext\wxwidgets\include\wx\hashset.h = ext\wxwidgets\include\wx\hashset.h
		ext\wxwidgets\include\wx\headercol.h = ext\wxwidgets\include\wx\headercol.h
		ext\wxwidgets\include\wx\headerctrl.h = ext\wxwidgets\include\wx\headerctrl.h
		ext\wxwidgets\include\wx\help.h = ext\wxwidgets\include\wx\help.h
		ext\wxwidgets\include\wx\helpbase.h = ext\wxwidgets\include\wx\helpbase.h
		ext\wxwidgets\include\wx\helphtml.h = ext\wxwidgets\include\wx\helphtml.h
		ext\wxwidgets\include\wx\helpwin.h = ext\wxwidgets\include\wx\helpwin.h
		ext\wxwidgets\include\wx\htmllbox.h = ext\wxwidgets\include\wx\htmllbox.h
		ext\wxwidgets\include\wx\hyperlink.h = ext\wxwidgets\include\wx\hyperlink.h
		ext\wxwidgets\include\wx\icon.h = ext\wxwidgets\include\wx\icon.h
		ext\wxwidgets\include\wx\iconbndl.h = ext\wxwidgets\include\wx\iconbndl.h
		ext\wxwidgets\include\wx\iconloc.h = ext\wxwidgets\include\wx\iconloc.h
		ext\wxwidgets\include\wx\imagbmp.h = ext\wxwidgets\include\wx\imagbmp.h
		ext\wxwidgets\include\wx\image.h = ext\wxwidgets\include\wx\image.h
		ext\wxwidgets\include\wx\imaggif.h = ext\wxwidgets\include\wx\imaggif.h
		ext\wxwidgets\include\wx\imagiff.h = ext\wxwidgets\include\wx\imagiff.h
		ext\wxwidgets\include\wx\imagjpeg.h = ext\wxwidgets\include\wx\imagjpeg.h
		ext\wxwidgets\include\wx\imaglist.h = ext\wxwidgets\include\wx\imaglist.h
		ext\wxwidgets\include\wx\imagpcx.h = ext\wxwidgets\include\wx\imagpcx.h
		ext\wxwidgets\include\wx\imagpng.h = ext\wxwidgets\include\wx\imagpng.h
		ext\wxwidgets\include\wx\imagpnm.h = ext\wxwidgets\include\wx\imagpnm.h
		ext\wxwidgets\include\wx\imagtga.h = ext\wxwidgets\include\wx\imagtga.h
		ext\wxwidgets\include\wx\imagtiff.h = ext\wxwidgets\include\wx\imagtiff.h
		ext\wxwidgets\include\wx\imagxpm.h = ext\wxwidgets\include\wx\imagxpm.h
		ext\wxwidgets\include\wx\infobar.h = ext\wxwidgets\include\wx\infobar.h
		ext\wxwidgets\include\wx\init.h = ext\wxwidgets\include\wx\init.h
		ext\wxwidgets\include\wx\intl.h = ext\wxwidgets\include\wx\intl.h
		ext\wxwidgets\include\wx\iosfwrap.h = ext\wxwidgets\include\wx\iosfwrap.h
		ext\wxwidgets\include\wx\ioswrap.h = ext\wxwidgets\include\wx\ioswrap.h
		ext\wxwidgets\include\wx\ipc.h = ext\wxwidgets\include\wx\ipc.h
		ext\wxwidgets\include\wx\ipcbase.h = ext\wxwidgets\include\wx\ipcbase.h
		ext\wxwidgets\include\wx\itemid.h = ext\wxwidgets\include\wx\itemid.h
		ext\wxwidgets\include\wx\joystick.h = ext\wxwidgets\include\wx\joystick.h
		ext\wxwidgets\include\wx\kbdstate.h = ext\wxwidgets\include\wx\kbdstate.h
		ext\wxwidgets\include\wx\language.h = ext\wxwidgets\include\wx\language.h
		ext\wxwidgets\include\wx\layout.h = ext\wxwidgets\include\wx\layout.h
		ext\wxwidgets\include\wx\laywin.h = ext\wxwidgets\include\wx\laywin.h
		ext\wxwidgets\include\wx\link.h = ext\wxwidgets\include\wx\link.h
		ext\wxwidgets\include\wx\list.h = ext\wxwidgets\include\wx\list.h
		ext\wxwidgets\include\wx\listbase.h = ext\wxwidgets\include\wx\listbase.h
		ext\wxwidgets\include\wx\listbook.h = ext\wxwidgets\include\wx\listbook.h
		ext\wxwidgets\include\wx\listbox.h = ext\wxwidgets\include\wx\listbox.h
		ext\wxwidgets\include\wx\listctrl.h = ext\wxwidgets\include\wx\listctrl.h
		ext\wxwidgets\include\wx\log.h = ext\wxwidgets\include\wx\log.h
		ext\wxwidgets\include\wx\longlong.h = ext\wxwidgets\include\wx\longlong.h
		ext\wxwidgets\include\wx\math.h = ext\wxwidgets\include\wx\math.h
		ext\wxwidgets\include\wx\matrix.h = ext\wxwidgets\include\wx\matrix.h
		ext\wxwidgets\include\wx\mdi.h = ext\wxwidgets\include\wx\mdi.h
		ext\wxwidgets\include\wx\mediactrl.h = ext\wxwidgets\include\wx\mediactrl.h
		ext\wxwidgets\include\wx\memconf.h = ext\wxwidgets\include\wx\memconf.h
		ext\wxwidgets\include\wx\memory.h = ext\wxwidgets\include\wx\memory.h
		ext\wxwidgets\include\wx\memtext.h = ext\wxwidgets\include\wx\memtext.h
		ext\wxwidgets\include\wx\menu.h = ext\wxwidgets\include\wx\menu.h
		ext\wxwidgets\include\wx\menuitem.h = ext\wxwidgets\include\wx\menuitem.h
		ext\wxwidgets\include\wx\metafile.h = ext\wxwidgets\include\wx\metafile.h
		ext\wxwidgets\include\wx\mimetype.h = ext\wxwidgets\include\wx\mimetype.h
		ext\wxwidgets\include\wx\minifram.h = ext\wxwidgets\include\wx\minifram.h
		ext\wxwidgets\include\wx\modalhook.h = ext\wxwidgets\include\wx\modalhook.h
		ext\wxwidgets\include\wx\module.h = ext\wxwidgets\include\wx\module.h
		ext\wxwidgets\include\wx\mousemanager.h = ext\wxwidgets\include\wx\mousemanager.h
		ext\wxwidgets\include\wx\mousestate.h = ext\wxwidgets\include\wx\mousestate.h
		ext\wxwidgets\include\wx\msgdlg.h = ext\wxwidgets\include\wx\msgdlg.h
		ext\wxwidgets\include\wx\msgout.h = ext\wxwidgets\include\wx\msgout.h
		ext\wxwidgets\include\wx\msgqueue.h = ext\wxwidgets\include\wx\msgqueue.h
		ext\wxwidgets\include\wx\mstream.h = ext\wxwidgets\include\wx\mstream.h
		ext\wxwidgets\include\wx\nativewin.h = ext\wxwidgets\include\wx\nativewin.h
		ext\wxwidgets\include\wx\nonownedwnd.h = ext\wxwidgets\include\wx\nonownedwnd.h
		ext\wxwidgets\include\wx\notebook.h = ext\wxwidgets\include\wx\notebook.h
		ext\wxwidgets\include\wx\notifmsg.h = ext\wxwidgets\include\wx\notifmsg.h
		ext\wxwidgets\include\wx\numdlg.h = ext\wxwidgets\include\wx\numdlg.h
		ext\wxwidgets\include\wx\numformatter.h = ext\wxwidgets\include\wx\numformatter.h
		ext\wxwidgets\include\wx\object.h = ext\wxwidgets\include\wx\object.h
		ext\wxwidgets\include\wx\odcombo.h = ext\wxwidgets\include\wx\odcombo.h
		ext\wxwidgets\include\wx\overlay.h = ext\wxwidgets\include\wx\overlay.h
		ext\wxwidgets\include\wx\ownerdrw.h = ext\wxwidgets\include\wx\ownerdrw.h
		ext\wxwidgets\include\wx\palette.h = ext\wxwidgets\include\wx\palette.h
		ext\wxwidgets\include\wx\panel.h = ext\wxwidgets\include\wx\panel.h
		ext\wxwidgets\include\wx\paper.h = ext\wxwidgets\include\wx\paper.h
		ext\wxwidgets\include\wx\pen.h = ext\wxwidgets\include\wx\pen.h
		ext\wxwidgets\include\wx\persist.h = ext\wxwidgets\include\wx\persist.h
		ext\wxwidgets\include\wx\pickerbase.h = ext\wxwidgets\include\wx\pickerbase.h
		ext\wxwidgets\include\wx\platform.h = ext\wxwidgets\include\wx\platform.h
		ext\wxwidgets\include\wx\platinfo.h = ext\wxwidgets\include\wx\platinfo.h
		ext\wxwidgets\include\wx\popupwin.h = ext\wxwidgets\include\wx\popupwin.h
		ext\wxwidgets\include\wx\position.h = ext\wxwidgets\include\wx\position.h
		ext\wxwidgets\include\wx\power.h = ext\wxwidgets\include\wx\power.h
		ext\wxwidgets\include\wx\preferences.h = ext\wxwidgets\include\wx\preferences.h
		ext\wxwidgets\include\wx\print.h = ext\wxwidgets\include\wx\print.h
		ext\wxwidgets\include\wx\printdlg.h = ext\wxwidgets\include\wx\printdlg.h
		ext\wxwidgets\include\wx\prntbase.h = ext\wxwidgets\include\wx\prntbase.h
		ext\wxwidgets\include\wx\process.h = ext\wxwidgets\include\wx\process.h
		ext\wxwidgets\include\wx\progdlg.h = ext\wxwidgets\include\wx\progdlg.h
		ext\wxwidgets\include\wx\propdlg.h = ext\wxwidgets\include\wx\propdlg.h
		ext\wxwidgets\include\wx\ptr_scpd.h = ext\wxwidgets\include\wx\ptr_scpd.h
		ext\wxwidgets\include\wx\ptr_shrd.h = ext\wxwidgets\include\wx\ptr_shrd.h
		ext\wxwidgets\include\wx\quantize.h = ext\wxwidgets\include\wx\quantize.h
		ext\wxwidgets\include\wx\radiobox.h = ext\wxwidgets\include\wx\radiobox.h
		ext\wxwidgets\include\wx\radiobut.h = ext\wxwidgets\include\wx\radiobut.h
		ext\wxwidgets\include\wx\range.h = ext\wxwidgets\include\wx\range.h
		ext\wxwidgets\include\wx\rawbmp.h = ext\wxwidgets\include\wx\rawbmp.h
		ext\wxwidgets\include\wx\rearrangectrl.h = ext\wxwidgets\include\wx\rearrangectrl.h
		ext\wxwidgets\include\wx\recguard.h = ext\wxwidgets\include\wx\recguard.h
		ext\wxwidgets\include\wx\regex.h = ext\wxwidgets\include\wx\regex.h
		ext\wxwidgets\include\wx\region.h = ext\wxwidgets\include\wx\region.h
		ext\wxwidgets\include\wx\renderer.h = ext\wxwidgets\include\wx\renderer.h
		ext\wxwidgets\include\wx\richmsgdlg.h = ext\wxwidgets\include\wx\richmsgdlg.h
		ext\wxwidgets\include\wx\richtooltip.h = ext\wxwidgets\include\wx\richtooltip.h
		ext\wxwidgets\include\wx\rtti.h = ext\wxwidgets\include\wx\rtti.h
		ext\wxwidgets\include\wx\sashwin.h = ext\wxwidgets\include\wx\sashwin.h
		ext\wxwidgets\include\wx\sckaddr.h = ext\wxwidgets\include\wx\sckaddr.h
		ext\wxwidgets\include\wx\sckipc.h = ext\wxwidgets\include\wx\sckipc.h
		ext\wxwidgets\include\wx\sckstrm.h = ext\wxwidgets\include\wx\sckstrm.h
		ext\wxwidgets\include\wx\scopedarray.h = ext\wxwidgets\include\wx\scopedarray.h
		ext\wxwidgets\include\wx\scopedptr.h = ext\wxwidgets\include\wx\scopedptr.h
		ext\wxwidgets\include\wx\scopeguard.h = ext\wxwidgets\include\wx\scopeguard.h
		ext\wxwidgets\include\wx\scrolbar.h = ext\wxwidgets\include\wx\scrolbar.h
		ext\wxwidgets\include\wx\scrolwin.h = ext\wxwidgets\include\wx\scrolwin.h
		ext\wxwidgets\include\wx\selstore.h = ext\wxwidgets\include\wx\selstore.h
		ext\wxwidgets\include\wx\settings.h = ext\wxwidgets\include\wx\settings.h
		ext\wxwidgets\include\wx\setup.h = ext\wxwidgets\include\wx\setup.h
		ext\wxwidgets\include\wx\setup_inc.h = ext\wxwidgets\include\wx\setup_inc.h
		ext\wxwidgets\include\wx\setup_redirect.h = ext\wxwidgets\include\wx\setup_redirect.h
		ext\wxwidgets\include\wx\sharedptr.h = ext\wxwidgets\include\wx\sharedptr.h
		ext\wxwidgets\include\wx\simplebook.h = ext\wxwidgets\include\wx\simplebook.h
		ext\wxwidgets\include\wx\sizer.h = ext\wxwidgets\include\wx\sizer.h
		ext\wxwidgets\include\wx\slider.h = ext\wxwidgets\include\wx\slider.h
		ext\wxwidgets\include\wx\snglinst.h = ext\wxwidgets\include\wx\snglinst.h
		ext\wxwidgets\include\wx\socket.h = ext\wxwidgets\include\wx\socket.h
		ext\wxwidgets\include\wx\sound.h = ext\wxwidgets\include\wx\sound.h
		ext\wxwidgets\include\wx\spinbutt.h = ext\wxwidgets\include\wx\spinbutt.h
		ext\wxwidgets\include\wx\spinctrl.h = ext\wxwidgets\include\wx\spinctrl.h
		ext\wxwidgets\include\wx\splash.h = ext\wxwidgets\include\wx\splash.h
		ext\wxwidgets\include\wx\splitter.h = ext\wxwidgets\include\wx\splitter.h
		ext\wxwidgets\include\wx\srchctrl.h = ext\wxwidgets\include\wx\srchctrl.h
		ext\wxwidgets\include\wx\sstream.h = ext\wxwidgets\include\wx\sstream.h
		ext\wxwidgets\include\wx\stack.h = ext\wxwidgets\include\wx\stack.h
		ext\wxwidgets\include\wx\stackwalk.h = ext\wxwidgets\include\wx\stackwalk.h
		ext\wxwidgets\include\wx\statbmp.h = ext\wxwidgets\include\wx\statbmp.h
		ext\wxwidgets\include\wx\statbox.h = ext\wxwidgets\include\wx\statbox.h
		ext\wxwidgets\include\wx\statline.h = ext\wxwidgets\include\wx\statline.h
		ext\wxwidgets\include\wx\stattext.h = ext\wxwidgets\include\wx\stattext.h
		ext\wxwidgets\include\wx\statusbr.h = ext\wxwidgets\include\wx\statusbr.h
		ext\wxwidgets\include\wx\stdpaths.h = ext\wxwidgets\include\wx\stdpaths.h
		ext\wxwidgets\include\wx\stdstream.h = ext\wxwidgets\include\wx\stdstream.h
		ext\wxwidgets\include\wx\stockitem.h = ext\wxwidgets\include\wx\stockitem.h
		ext\wxwidgets\include\wx\stopwatch.h = ext\wxwidgets\include\wx\stopwatch.h
		ext\wxwidgets\include\wx\strconv.h = ext\wxwidgets\include\wx\strconv.h
		ext\wxwidgets\include\wx\stream.h = ext\wxwidgets\include\wx\stream.h
		ext\wxwidgets\include\wx\string.h = ext\wxwidgets\include\wx\string.h
		ext\wxwidgets\include\wx\stringimpl.h = ext\wxwidgets\include\wx\stringimpl.h
		ext\wxwidgets\include\wx\stringops.h = ext\wxwidgets\include\wx\stringops.h
		ext\wxwidgets\include\wx\strvararg.h = ext\wxwidgets\include\wx\strvararg.h
		ext\wxwidgets\include\wx\sysopt.h = ext\wxwidgets\include\wx\sysopt.h
		ext\wxwidgets\include\wx\systhemectrl.h = ext\wxwidgets\include\wx\systhemectrl.h
		ext\wxwidgets\include\wx\tarstrm.h = ext\wxwidgets\include\wx\tarstrm.h
		ext\wxwidgets\include\wx\taskbar.h = ext\wxwidgets\include\wx\taskbar.h
		ext\wxwidgets\include\wx\taskbarbutton.h = ext\wxwidgets\include\wx\taskbarbutton.h
		ext\wxwidgets\include\wx\tbarbase.h = ext\wxwidgets\include\wx\tbarbase.h
		ext\wxwidgets\include\wx\testing.h = ext\wxwidgets\include\wx\testing.h
		ext\wxwidgets\include\wx\textbuf.h = ext\wxwidgets\include\wx\textbuf.h
		ext\wxwidgets\include\wx\textcompleter.h = ext\wxwidgets\include\wx\textcompleter.h
		ext\wxwidgets\include\wx\textctrl.h = ext\wxwidgets\include\wx\textctrl.h
		ext\wxwidgets\include\wx\textdlg.h = ext\wxwidgets\include\wx\textdlg.h
		ext\wxwidgets\include\wx\textentry.h = ext\wxwidgets\include\wx\textentry.h
		ext\wxwidgets\include\wx\textfile.h = ext\wxwidgets\include\wx\textfile.h
		ext\wxwidgets\include\wx\textwrapper.h = ext\wxwidgets\include\wx\textwrapper.h
		ext\wxwidgets\include\wx\tglbtn.h = ext\wxwidgets\include\wx\tglbtn.h
		ext\wxwidgets\include\wx\thread.h = ext\wxwidgets\include\wx\thread.h
		ext\wxwidgets\include\wx\time.h = ext\wxwidgets\include\wx\time.h
		ext\wxwidgets\include\wx\timectrl.h = ext\wxwidgets\include\wx\timectrl.h
		ext\wxwidgets\include\wx\timer.h = ext\wxwidgets\include\wx\timer.h
		ext\wxwidgets\include\wx\tipdlg.h = ext\wxwidgets\include\wx\tipdlg.h
		ext\wxwidgets\include\wx\tipwin.h = ext\wxwidgets\include\wx\tipwin.h
		ext\wxwidgets\include\wx\tls.h = ext\wxwidgets\include\wx\tls.h
		ext\wxwidgets\include\wx\tokenzr.h = ext\wxwidgets\include\wx\tokenzr.h
		ext\wxwidgets\include\wx\toolbar.h = ext\wxwidgets\include\wx\toolbar.h
		ext\wxwidgets\include\wx\toolbook.h = ext\wxwidgets\include\wx\toolbook.h
		ext\wxwidgets\include\wx\tooltip.h = ext\wxwidgets\include\wx\tooltip.h
		ext\wxwidgets\include\wx\toplevel.h = ext\wxwidgets\include\wx\toplevel.h
		ext\wxwidgets\include\wx\tracker.h = ext\wxwidgets\include\wx\tracker.h
		ext\wxwidgets\include\wx\translation.h = ext\wxwidgets\include\wx\translation.h
		ext\wxwidgets\include\wx\treebase.h = ext\wxwidgets\include\wx\treebase.h
		ext\wxwidgets\include\wx\treebook.h = ext\wxwidgets\include\wx\treebook.h
		ext\wxwidgets\include\wx\treectrl.h = ext\wxwidgets\include\wx\treectrl.h
		ext\wxwidgets\include\wx\treelist.h = ext\wxwidgets\include\wx\treelist.h
		ext\wxwidgets\include\wx\txtstrm.h = ext\wxwidgets\include\wx\txtstrm.h
		ext\wxwidgets\include\wx\typeinfo.h = ext\wxwidgets\include\wx\typeinfo.h
		ext\wxwidgets\include\wx\types.h = ext\wxwidgets\include\wx\types.h
		ext\wxwidgets\include\wx\uiaction.h = ext\wxwidgets\include\wx\uiaction.h
		ext\wxwidgets\include\wx\unichar.h = ext\wxwidgets\include\wx\unichar.h
		ext\wxwidgets\include\wx\uri.h = ext\wxwidgets\include\wx\uri.h
		ext\wxwidgets\include\wx\url.h = ext\wxwidgets\include\wx\url.h
		ext\wxwidgets\include\wx\ustring.h = ext\wxwidgets\include\wx\ustring.h
		ext\wxwidgets\include\wx\utils.h = ext\wxwidgets\include\wx\utils.h
		ext\wxwidgets\include\wx\valgen.h = ext\wxwidgets\include\wx\valgen.h
		ext\wxwidgets\include\wx\validate.h = ext\wxwidgets\include\wx\validate.h
		ext\wxwidgets\include\wx\valnum.h = ext\wxwidgets\include\wx\valnum.h
		ext\wxwidgets\include\wx\valtext.h = ext\wxwidgets\include\wx\valtext.h
		ext\wxwidgets\include\wx\variant.h = ext\wxwidgets\include\wx\variant.h
		ext\wxwidgets\include\wx\variantbase.h = ext\wxwidgets\include\wx\variantbase.h
		ext\wxwidgets\include\wx\vector.h = ext\wxwidgets\include\wx\vector.h
		ext\wxwidgets\include\wx\version.h = ext\wxwidgets\include\wx\version.h
		ext\wxwidgets\include\wx\versioninfo.h = ext\wxwidgets\include\wx\versioninfo.h
		ext\wxwidgets\include\wx\vidmode.h = ext\wxwidgets\include\wx\vidmode.h
		ext\wxwidgets\include\wx\vlbox.h = ext\wxwidgets\include\wx\vlbox.h
		ext\wxwidgets\include\wx\vms_x_fix.h = ext\wxwidgets\include\wx\vms_x_fix.h
		ext\wxwidgets\include\wx\volume.h = ext\wxwidgets\include\wx\volume.h
		ext\wxwidgets\include\wx\vscroll.h = ext\wxwidgets\include\wx\vscroll.h
		ext\wxwidgets\include\wx\weakref.h = ext\wxwidgets\include\wx\weakref.h
		ext\wxwidgets\include\wx\webview.h = ext\wxwidgets\include\wx\webview.h
		ext\wxwidgets\include\wx\webviewarchivehandler.h = ext\wxwidgets\include\wx\webviewarchivehandler.h
		ext\wxwidgets\include\wx\webviewfshandler.h = ext\wxwidgets\include\wx\webviewfshandler.h
		ext\wxwidgets\include\wx\wfstream.h = ext\wxwidgets\include\wx\wfstream.h
		ext\wxwidgets\include\wx\window.h = ext\wxwidgets\include\wx\window.h
		ext\wxwidgets\include\wx\windowid.h = ext\wxwidgets\include\wx\windowid.h
		ext\wxwidgets\include\wx\windowptr.h = ext\wxwidgets\include\wx\windowptr.h
		ext\wxwidgets\include\wx\withimages.h = ext\wxwidgets\include\wx\withimages.h
		ext\wxwidgets\include\wx\wizard.h = ext\wxwidgets\include\wx\wizard.h
		ext\wxwidgets\include\wx\wrapsizer.h = ext\wxwidgets\include\wx\wrapsizer.h
		ext\wxwidgets\include\wx\wupdlock.h = ext\wxwidgets\include\wx\wupdlock.h
		ext\wxwidgets\include\wx\wx.h = ext\wxwidgets\include\wx\wx.h
		ext\wxwidgets\include\wx\wxchar.h = ext\wxwidgets\include\wx\wxchar.h
		ext\wxwidgets\include\wx\wxcrt.h = ext\wxwidgets\include\wx\wxcrt.h
		ext\wxwidgets\include\wx\wxcrtbase.h = ext\wxwidgets\include\wx\wxcrtbase.h
		ext\wxwidgets\include\wx\wxcrtvararg.h = ext\wxwidgets\include\wx\wxcrtvararg.h
		ext\wxwidgets\include\wx\wxhtml.h = ext\wxwidgets\include\wx\wxhtml.h
		ext\wxwidgets\include\wx\wxprec.h = ext\wxwidgets\include\wx\wxprec.h
		ext\wxwidgets\include\wx\xlocale.h = ext\wxwidgets\include\wx\xlocale.h
		ext\wxwidgets\include\wx\xpmdecod.h = ext\wxwidgets\include\wx\xpmdecod.h
		ext\wxwidgets\include\wx\xpmhand.h = ext\wxwidgets\include\wx\xpmhand.h
		ext\wxwidgets\include\wx\xti.h = ext\wxwidgets\include\wx\xti.h
		ext\wxwidgets\include\wx\xti2.h = ext\wxwidgets\include\wx\xti2.h
		ext\wxwidgets\include\wx\xtictor.h = ext\wxwidgets\include\wx\xtictor.h
		ext\wxwidgets\include\wx\xtihandler.h = ext\wxwidgets\include\wx\xtihandler.h
		ext\wxwidgets\include\wx\xtiprop.h = ext\wxwidgets\include\wx\xtiprop.h
		ext\wxwidgets\include\wx\xtistrm.h = ext\wxwidgets\include\wx\xtistrm.h
		ext\wxwidgets\include\wx\xtitypes.h = ext\wxwidgets\include\wx\xtitypes.h
		ext\wxwidgets\include\wx\xtixml.h = ext\wxwidgets\include\wx\xtixml.h
		ext\wxwidgets\include\wx\zipstrm.h = ext\wxwidgets\include\wx\zipstrm.h
		ext\wxwidgets\include\wx\zstream.h = ext\wxwidgets\include\wx\zstream.h
	EndProjectSection
EndProject
Global
	GlobalSection(SolutionConfigurationPlatforms) = preSolution
		Debug|x64 = Debug|x64
		Release|x64 = Release|x64
	EndGlobalSection
	GlobalSection(ProjectConfigurationPlatforms) = postSolution
		{9EE6FA92-3650-4657-85FA-BCE86321B4C1}.Debug|x64.ActiveCfg = Debug|x64
		{9EE6FA92-3650-4657-85FA-BCE86321B4C1}.Debug|x64.Build.0 = Debug|x64
		{9EE6FA92-3650-4657-85FA-BCE86321B4C1}.Release|x64.ActiveCfg = Release|x64
		{9EE6FA92-3650-4657-85FA-BCE86321B4C1}.Release|x64.Build.0 = Release|x64
	EndGlobalSection
	GlobalSection(SolutionProperties) = preSolution
		HideSolutionNode = FALSE
	EndGlobalSection
EndGlobal
