<?xml version="1.0" encoding="utf-8"?>
<Project ToolsVersion="4.0" xmlns="http://schemas.microsoft.com/developer/msbuild/2003">
  <ItemGroup>
    <ClCompile Include="..\src\main.cpp" />
    <ClCompile Include="..\src\chunk\model_binding.cpp">
      <Filter>chunk</Filter>
    </ClCompile>
    <ClCompile Include="..\src\chunk\shader.cpp">
      <Filter>chunk</Filter>
    </ClCompile>
    <ClCompile Include="..\src\chunk\audio.cpp">
      <Filter>chunk</Filter>
    </ClCompile>
    <ClCompile Include="..\src\chunk\model.cpp">
      <Filter>chunk</Filter>
    </ClCompile>
    <ClCompile Include="..\src\app.cpp" />
    <ClCompile Include="..\src\frame\frame_main.cpp">
      <Filter>frame</Filter>
    </ClCompile>
    <ClCompile Include="..\src\panel\panel_texture.cpp">
      <Filter>panel</Filter>
    </ClCompile>
    <ClCompile Include="..\src\panel\panel_model.cpp">
      <Filter>panel</Filter>
    </ClCompile>
    <ClCompile Include="..\src\panel\panel_audio.cpp">
      <Filter>panel</Filter>
    </ClCompile>
    <ClCompile Include="..\src\panel\panel_shader.cpp">
      <Filter>panel</Filter>
    </ClCompile>
    <ClCompile Include="..\src\resource\resource_manager.cpp">
      <Filter>resource</Filter>
    </ClCompile>
    <ClCompile Include="..\src\controller\controller_main.cpp">
      <Filter>controller</Filter>
    </ClCompile>
  </ItemGroup>
  <ItemGroup>
    <ClInclude Include="..\src\libs.h" />
    <ClInclude Include="..\src\chunk\model.h">
      <Filter>chunk</Filter>
    </ClInclude>
    <ClInclude Include="..\src\chunk\model_binding.h">
      <Filter>chunk</Filter>
    </ClInclude>
    <ClInclude Include="..\src\chunk\shader.h">
      <Filter>chunk</Filter>
    </ClInclude>
    <ClInclude Include="..\src\chunk\audio.h">
      <Filter>chunk</Filter>
    </ClInclude>
    <ClInclude Include="..\src\app.h" />
    <ClInclude Include="..\src\chunk\chunk.h">
      <Filter>chunk</Filter>
    </ClInclude>
    <ClInclude Include="..\src\frame\frame_main.h">
      <Filter>frame</Filter>
    </ClInclude>
    <ClInclude Include="..\src\panel\panel_texture.h">
      <Filter>panel</Filter>
    </ClInclude>
    <ClInclude Include="..\src\panel\panel_model.h">
      <Filter>panel</Filter>
    </ClInclude>
    <ClInclude Include="..\src\panel\panel_audio.h">
      <Filter>panel</Filter>
    </ClInclude>
    <ClInclude Include="..\src\panel\panel_shader.h">
      <Filter>panel</Filter>
    </ClInclude>
    <ClInclude Include="..\src\resource\resource_manager.h">
      <Filter>resource</Filter>
    </ClInclude>
    <ClInclude Include="..\src\controller\controller_main.h">
      <Filter>controller</Filter>
    </ClInclude>
    <ClInclude Include="..\src\signal.h" />
    <ClInclude Include="..\src\resource\resource_resource.h">
      <Filter>resource</Filter>
    </ClInclude>
    <ClInclude Include="..\src\resource\resource_texture.h">
      <Filter>resource</Filter>
    </ClInclude>
    <ClInclude Include="..\src\resource\resource_toc.h">
      <Filter>resource</Filter>
    </ClInclude>
  </ItemGroup>
  <ItemGroup>
    <Filter Include="chunk">
      <UniqueIdentifier>{765a00cc-665c-43da-81ec-4967609057dc}</UniqueIdentifier>
    </Filter>
    <Filter Include="frame">
      <UniqueIdentifier>{6aaf87bd-cbf7-4289-a113-4676e82cf125}</UniqueIdentifier>
    </Filter>
    <Filter Include="panel">
      <UniqueIdentifier>{26396f6c-6737-4877-8fcc-219690a92db7}</UniqueIdentifier>
    </Filter>
    <Filter Include="resource">
      <UniqueIdentifier>{73be2c12-8bcc-4707-9044-d567bbfa6c82}</UniqueIdentifier>
    </Filter>
    <Filter Include="controller">
      <UniqueIdentifier>{a04faba1-5bb8-4343-a400-f0c876825697}</UniqueIdentifier>
    </Filter>
  </ItemGroup>
</Project>